Microsoft Visual Studio Solution File, Format Version 11.00
# Visual Studio 2010
Project("{8BC9CEB8-8B4A-11D0-8D11-00A0C91BC942}") = "unixem", "build\vc71\unixem.vcxproj", "{8F2B317D-8E7E-CE81-9565-2825D9A7DB18}"
EndProject
Global
	GlobalSection(SolutionConfigurationPlatforms) = preSolution
		Debug|Win32 = Debug|Win32
		Release|Win32 = Release|Win32
	EndGlobalSection
	GlobalSection(ProjectConfigurationPlatforms) = postSolution
		{8F2B317D-8E7E-CE81-9565-2825D9A7DB18}.Debug|Win32.ActiveCfg = Debug|Win32
		{8F2B317D-8E7E-CE81-9565-2825D9A7DB18}.Release|Win32.ActiveCfg = Release|Win32
	EndGlobalSection
	GlobalSection(SolutionProperties) = preSolution
		HideSolutionNode = FALSE
	EndGlobalSection
EndGlobal
