<?xml version="1.0" encoding="utf-8"?>
<Project ToolsVersion="4.0" xmlns="http://schemas.microsoft.com/developer/msbuild/2003">
  <ItemGroup>
    <Filter Include="源文件">
      <UniqueIdentifier>{4FC737F1-C7A5-4376-A066-2A32D752A2FF}</UniqueIdentifier>
      <Extensions>cpp;c;cc;cxx;def;odl;idl;hpj;bat;asm;asmx</Extensions>
    </Filter>
    <Filter Include="头文件">
      <UniqueIdentifier>{93995380-89BD-4b04-88EB-625FBE52EBFB}</UniqueIdentifier>
      <Extensions>h;hpp;hxx;hm;inl;inc;xsd</Extensions>
    </Filter>
    <Filter Include="资源文件">
      <UniqueIdentifier>{67DA6AB6-F800-4c08-8B7A-83BB121AAD01}</UniqueIdentifier>
      <Extensions>rc;ico;cur;bmp;dlg;rc2;rct;bin;rgs;gif;jpg;jpeg;jpe;resx;tiff;tif;png;wav;mfcribbon-ms</Extensions>
    </Filter>
  </ItemGroup>
  <ItemGroup>
    <None Include="ReadMe.txt" />
    <None Include="zlog.def">
      <Filter>源文件</Filter>
    </None>
    <None Include="..\test\ReadMe.txt" />
  </ItemGroup>
  <ItemGroup>
    <ClInclude Include="src\buf.h">
      <Filter>头文件</Filter>
    </ClInclude>
    <ClInclude Include="src\category.h">
      <Filter>头文件</Filter>
    </ClInclude>
    <ClInclude Include="src\category_table.h">
      <Filter>头文件</Filter>
    </ClInclude>
    <ClInclude Include="src\conf.h">
      <Filter>头文件</Filter>
    </ClInclude>
    <ClInclude Include="src\event.h">
      <Filter>头文件</Filter>
    </ClInclude>
    <ClInclude Include="src\fmacros.h">
      <Filter>头文件</Filter>
    </ClInclude>
    <ClInclude Include="src\format.h">
      <Filter>头文件</Filter>
    </ClInclude>
    <ClInclude Include="src\level.h">
      <Filter>头文件</Filter>
    </ClInclude>
    <ClInclude Include="src\level_list.h">
      <Filter>头文件</Filter>
    </ClInclude>
    <ClInclude Include="src\mdc.h">
      <Filter>头文件</Filter>
    </ClInclude>
    <ClInclude Include="src\record.h">
      <Filter>头文件</Filter>
    </ClInclude>
    <ClInclude Include="src\record_table.h">
      <Filter>头文件</Filter>
    </ClInclude>
    <ClInclude Include="src\release.h">
      <Filter>头文件</Filter>
    </ClInclude>
    <ClInclude Include="src\rotater.h">
      <Filter>头文件</Filter>
    </ClInclude>
    <ClInclude Include="src\rule.h">
      <Filter>头文件</Filter>
    </ClInclude>
    <ClInclude Include="src\spec.h">
      <Filter>头文件</Filter>
    </ClInclude>
    <ClInclude Include="src\syslog.h">
      <Filter>头文件</Filter>
    </ClInclude>
    <ClInclude Include="src\thread.h">
      <Filter>头文件</Filter>
    </ClInclude>
    <ClInclude Include="src\thread_list.h">
      <Filter>头文件</Filter>
    </ClInclude>
    <ClInclude Include="src\zc_arraylist.h">
      <Filter>头文件</Filter>
    </ClInclude>
    <ClInclude Include="src\zc_defs.h">
      <Filter>头文件</Filter>
    </ClInclude>
    <ClInclude Include="src\zc_hashtable.h">
      <Filter>头文件</Filter>
    </ClInclude>
    <ClInclude Include="src\zc_profile.h">
      <Filter>头文件</Filter>
    </ClInclude>
    <ClInclude Include="src\zc_util.h">
      <Filter>头文件</Filter>
    </ClInclude>
    <ClInclude Include="src\zc_xplatform.h">
      <Filter>头文件</Filter>
    </ClInclude>
    <ClInclude Include="src\zlog.h">
      <Filter>头文件</Filter>
    </ClInclude>
  </ItemGroup>
  <ItemGroup>
    <ClCompile Include="src\buf.c">
      <Filter>源文件</Filter>
    </ClCompile>
    <ClCompile Include="src\category.c">
      <Filter>源文件</Filter>
    </ClCompile>
    <ClCompile Include="src\category_table.c">
      <Filter>源文件</Filter>
    </ClCompile>
    <ClCompile Include="src\conf.c">
      <Filter>源文件</Filter>
    </ClCompile>
    <ClCompile Include="src\event.c">
      <Filter>源文件</Filter>
    </ClCompile>
    <ClCompile Include="src\format.c">
      <Filter>源文件</Filter>
    </ClCompile>
    <ClCompile Include="src\level.c">
      <Filter>源文件</Filter>
    </ClCompile>
    <ClCompile Include="src\level_list.c">
      <Filter>源文件</Filter>
    </ClCompile>
    <ClCompile Include="src\mdc.c">
      <Filter>源文件</Filter>
    </ClCompile>
    <ClCompile Include="src\record.c">
      <Filter>源文件</Filter>
    </ClCompile>
    <ClCompile Include="src\record_table.c">
      <Filter>源文件</Filter>
    </ClCompile>
    <ClCompile Include="src\release.c">
      <Filter>源文件</Filter>
    </ClCompile>
    <ClCompile Include="src\rotater.c">
      <Filter>源文件</Filter>
    </ClCompile>
    <ClCompile Include="src\rule.c">
      <Filter>源文件</Filter>
    </ClCompile>
    <ClCompile Include="src\spec.c">
      <Filter>源文件</Filter>
    </ClCompile>
    <ClCompile Include="src\thread.c">
      <Filter>源文件</Filter>
    </ClCompile>
    <ClCompile Include="src\thread_list.c">
      <Filter>源文件</Filter>
    </ClCompile>
    <ClCompile Include="src\win_compat.c">
      <Filter>源文件</Filter>
    </ClCompile>
    <ClCompile Include="src\zc_arraylist.c">
      <Filter>源文件</Filter>
    </ClCompile>
    <ClCompile Include="src\zc_hashtable.c">
      <Filter>源文件</Filter>
    </ClCompile>
    <ClCompile Include="src\zc_profile.c">
      <Filter>源文件</Filter>
    </ClCompile>
    <ClCompile Include="src\zc_util.c">
      <Filter>源文件</Filter>
    </ClCompile>
    <ClCompile Include="src\zlog.c">
      <Filter>源文件</Filter>
    </ClCompile>
    <ClCompile Include="src\syslog-client.c">
      <Filter>源文件</Filter>
    </ClCompile>
  </ItemGroup>
</Project>